// !$*UTF8*$!
{
	archiveVersion = 1;
	classes = {
	};
	objectVersion = 46;
	objects = {

/* Begin PBXBuildFile section */
		EB1BA0631A1030E500C41768 /* Member.swift in Sources */ = {isa = PBXBuildFile; fileRef = EB1BA0621A1030E500C41768 /* Member.swift */; };
		EB1BA0681A1036EF00C41768 /* HeaderItem.swift in Sources */ = {isa = PBXBuildFile; fileRef = EB1BA0671A1036EF00C41768 /* HeaderItem.swift */; };
		EB3F86D21A48EB35000D78E9 /* EpisodeViewController.swift in Sources */ = {isa = PBXBuildFile; fileRef = EB3F86D01A48EB35000D78E9 /* EpisodeViewController.swift */; };
		EB3F86D31A48EB35000D78E9 /* EpisodeView.xib in Resources */ = {isa = PBXBuildFile; fileRef = EB3F86D11A48EB35000D78E9 /* EpisodeView.xib */; };
		EB4E0D1519FFBDB600CE8CAB /* WindowController.swift in Sources */ = {isa = PBXBuildFile; fileRef = EB4E0D1419FFBDB600CE8CAB /* WindowController.swift */; };
		EB4E0D1719FFC5E000CE8CAB /* ComptePanelController.swift in Sources */ = {isa = PBXBuildFile; fileRef = EB4E0D1619FFC5E000CE8CAB /* ComptePanelController.swift */; };
		EB501DE11A34ADE800DF1906 /* Async.swift in Sources */ = {isa = PBXBuildFile; fileRef = EB501DE01A34ADE800DF1906 /* Async.swift */; };
		EB58013A1A8FC44E0016A9A8 /* DraggingAwareView.swift in Sources */ = {isa = PBXBuildFile; fileRef = EB5801391A8FC44E0016A9A8 /* DraggingAwareView.swift */; };
		EB58013C1A8FD5DE0016A9A8 /* ComptePanelView.xib in Resources */ = {isa = PBXBuildFile; fileRef = EB58013B1A8FD5DE0016A9A8 /* ComptePanelView.xib */; };
		EB58013F1A8FD67A0016A9A8 /* GeneralPanelController.swift in Sources */ = {isa = PBXBuildFile; fileRef = EB58013D1A8FD67A0016A9A8 /* GeneralPanelController.swift */; };
		EB5801401A8FD67A0016A9A8 /* GeneralPanelView.xib in Resources */ = {isa = PBXBuildFile; fileRef = EB58013E1A8FD67A0016A9A8 /* GeneralPanelView.xib */; };
		EB62DE7B1A3332C2000C1948 /* SwiftyJSON.swift in Sources */ = {isa = PBXBuildFile; fileRef = EB62DE7A1A3332C2000C1948 /* SwiftyJSON.swift */; };
		EB62DE801A33648B000C1948 /* DefaultContentViewController.swift in Sources */ = {isa = PBXBuildFile; fileRef = EB62DE7F1A33648B000C1948 /* DefaultContentViewController.swift */; };
		EB62DE821A3364A0000C1948 /* DefaultContentView.xib in Resources */ = {isa = PBXBuildFile; fileRef = EB62DE811A3364A0000C1948 /* DefaultContentView.xib */; };
		EB62DE851A3368A9000C1948 /* SerieContentViewController.swift in Sources */ = {isa = PBXBuildFile; fileRef = EB62DE831A3368A9000C1948 /* SerieContentViewController.swift */; };
		EB62DE861A3368A9000C1948 /* SerieContentView.xib in Resources */ = {isa = PBXBuildFile; fileRef = EB62DE841A3368A9000C1948 /* SerieContentView.xib */; };
		EB63253819FDDC8700978001 /* IdentificationController.swift in Sources */ = {isa = PBXBuildFile; fileRef = EB63253719FDDC8700978001 /* IdentificationController.swift */; };
		EB97E34C19FD3BE0006BA251 /* MenuSeriesController.swift in Sources */ = {isa = PBXBuildFile; fileRef = EB97E34B19FD3BE0006BA251 /* MenuSeriesController.swift */; };
		EB97E34E19FD3E0E006BA251 /* Serie.swift in Sources */ = {isa = PBXBuildFile; fileRef = EB97E34D19FD3E0E006BA251 /* Serie.swift */; };
		EB97E35019FD3E9C006BA251 /* Saison.swift in Sources */ = {isa = PBXBuildFile; fileRef = EB97E34F19FD3E9C006BA251 /* Saison.swift */; };
		EB97E35219FD3EEA006BA251 /* Episode.swift in Sources */ = {isa = PBXBuildFile; fileRef = EB97E35119FD3EEA006BA251 /* Episode.swift */; };
		EB97E35619FDB18D006BA251 /* MenuItem.swift in Sources */ = {isa = PBXBuildFile; fileRef = EB97E35519FDB18D006BA251 /* MenuItem.swift */; };
		EBB242A61A4CA4D20000DFA3 /* AVFoundation.framework in Frameworks */ = {isa = PBXBuildFile; fileRef = EBB242A51A4CA4D20000DFA3 /* AVFoundation.framework */; };
		EBB242A81A4CD3630000DFA3 /* Persistance.swift in Sources */ = {isa = PBXBuildFile; fileRef = EBB242A71A4CD3630000DFA3 /* Persistance.swift */; };
		EBC506C81A7FA4AD0008C363 /* BSRequestCategory.swift in Sources */ = {isa = PBXBuildFile; fileRef = EBC506C71A7FA4AD0008C363 /* BSRequestCategory.swift */; };
		EBC506CA1A7FA5020008C363 /* BSRequestMethod.swift in Sources */ = {isa = PBXBuildFile; fileRef = EBC506C91A7FA5020008C363 /* BSRequestMethod.swift */; };
		EBC506CC1A7FA5970008C363 /* HttpMethod.swift in Sources */ = {isa = PBXBuildFile; fileRef = EBC506CB1A7FA5970008C363 /* HttpMethod.swift */; };
		EBC77AD419F2C68500A5684C /* AVKit.framework in Frameworks */ = {isa = PBXBuildFile; fileRef = EBC77AD319F2C68500A5684C /* AVKit.framework */; };
		EBCBC88219F1D9D800EC200D /* AppDelegate.swift in Sources */ = {isa = PBXBuildFile; fileRef = EBCBC88119F1D9D800EC200D /* AppDelegate.swift */; };
		EBCBC88619F1D9D800EC200D /* Images.xcassets in Resources */ = {isa = PBXBuildFile; fileRef = EBCBC88519F1D9D800EC200D /* Images.xcassets */; };
		EBCBC88919F1D9D800EC200D /* Main.storyboard in Resources */ = {isa = PBXBuildFile; fileRef = EBCBC88719F1D9D800EC200D /* Main.storyboard */; };
		EBF1B2D61A4EFEEB00CFBA21 /* notificationNames.swift in Sources */ = {isa = PBXBuildFile; fileRef = EBF1B2D51A4EFEEB00CFBA21 /* notificationNames.swift */; };
		EBF9783119FE93E100879581 /* SearchSerieController.swift in Sources */ = {isa = PBXBuildFile; fileRef = EBF9782F19FE93E100879581 /* SearchSerieController.swift */; };
		EBF9783419FE969900879581 /* AccesBetaSerie.swift in Sources */ = {isa = PBXBuildFile; fileRef = EBF9783319FE969900879581 /* AccesBetaSerie.swift */; };
		EBF9784619FEBB1200879581 /* BetaSeries.swift in Sources */ = {isa = PBXBuildFile; fileRef = EBF9784519FEBB1200879581 /* BetaSeries.swift */; };
		EBF9784819FEBEA500879581 /* BSRequest.swift in Sources */ = {isa = PBXBuildFile; fileRef = EBF9784719FEBEA500879581 /* BSRequest.swift */; };
		EBF9784A19FF07E300879581 /* Extensions.swift in Sources */ = {isa = PBXBuildFile; fileRef = EBF9784919FF07E300879581 /* Extensions.swift */; };
/* End PBXBuildFile section */

/* Begin PBXFileReference section */
		EB1BA0621A1030E500C41768 /* Member.swift */ = {isa = PBXFileReference; fileEncoding = 4; lastKnownFileType = sourcecode.swift; name = Member.swift; path = ../Member.swift; sourceTree = "<group>"; };
		EB1BA0671A1036EF00C41768 /* HeaderItem.swift */ = {isa = PBXFileReference; fileEncoding = 4; lastKnownFileType = sourcecode.swift; path = HeaderItem.swift; sourceTree = "<group>"; };
		EB3F86D01A48EB35000D78E9 /* EpisodeViewController.swift */ = {isa = PBXFileReference; fileEncoding = 4; lastKnownFileType = sourcecode.swift; path = EpisodeViewController.swift; sourceTree = "<group>"; };
		EB3F86D11A48EB35000D78E9 /* EpisodeView.xib */ = {isa = PBXFileReference; fileEncoding = 4; lastKnownFileType = file.xib; path = EpisodeView.xib; sourceTree = "<group>"; };
		EB4E0D1419FFBDB600CE8CAB /* WindowController.swift */ = {isa = PBXFileReference; fileEncoding = 4; lastKnownFileType = sourcecode.swift; path = WindowController.swift; sourceTree = "<group>"; };
		EB4E0D1619FFC5E000CE8CAB /* ComptePanelController.swift */ = {isa = PBXFileReference; fileEncoding = 4; lastKnownFileType = sourcecode.swift; path = ComptePanelController.swift; sourceTree = "<group>"; };
		EB501DE01A34ADE800DF1906 /* Async.swift */ = {isa = PBXFileReference; fileEncoding = 4; lastKnownFileType = sourcecode.swift; path = Async.swift; sourceTree = "<group>"; };
		EB5801391A8FC44E0016A9A8 /* DraggingAwareView.swift */ = {isa = PBXFileReference; fileEncoding = 4; lastKnownFileType = sourcecode.swift; path = DraggingAwareView.swift; sourceTree = "<group>"; };
		EB58013B1A8FD5DE0016A9A8 /* ComptePanelView.xib */ = {isa = PBXFileReference; fileEncoding = 4; lastKnownFileType = file.xib; path = ComptePanelView.xib; sourceTree = "<group>"; };
		EB58013D1A8FD67A0016A9A8 /* GeneralPanelController.swift */ = {isa = PBXFileReference; fileEncoding = 4; lastKnownFileType = sourcecode.swift; path = GeneralPanelController.swift; sourceTree = "<group>"; };
		EB58013E1A8FD67A0016A9A8 /* GeneralPanelView.xib */ = {isa = PBXFileReference; fileEncoding = 4; lastKnownFileType = file.xib; path = GeneralPanelView.xib; sourceTree = "<group>"; };
		EB62DE7A1A3332C2000C1948 /* SwiftyJSON.swift */ = {isa = PBXFileReference; fileEncoding = 4; lastKnownFileType = sourcecode.swift; path = SwiftyJSON.swift; sourceTree = "<group>"; };
		EB62DE7F1A33648B000C1948 /* DefaultContentViewController.swift */ = {isa = PBXFileReference; fileEncoding = 4; lastKnownFileType = sourcecode.swift; path = DefaultContentViewController.swift; sourceTree = "<group>"; };
		EB62DE811A3364A0000C1948 /* DefaultContentView.xib */ = {isa = PBXFileReference; fileEncoding = 4; lastKnownFileType = file.xib; path = DefaultContentView.xib; sourceTree = "<group>"; };
		EB62DE831A3368A9000C1948 /* SerieContentViewController.swift */ = {isa = PBXFileReference; fileEncoding = 4; lastKnownFileType = sourcecode.swift; path = SerieContentViewController.swift; sourceTree = "<group>"; };
		EB62DE841A3368A9000C1948 /* SerieContentView.xib */ = {isa = PBXFileReference; fileEncoding = 4; lastKnownFileType = file.xib; path = SerieContentView.xib; sourceTree = "<group>"; };
		EB63253719FDDC8700978001 /* IdentificationController.swift */ = {isa = PBXFileReference; fileEncoding = 4; lastKnownFileType = sourcecode.swift; path = IdentificationController.swift; sourceTree = "<group>"; };
		EB97E34B19FD3BE0006BA251 /* MenuSeriesController.swift */ = {isa = PBXFileReference; fileEncoding = 4; lastKnownFileType = sourcecode.swift; path = MenuSeriesController.swift; sourceTree = "<group>"; };
		EB97E34D19FD3E0E006BA251 /* Serie.swift */ = {isa = PBXFileReference; fileEncoding = 4; lastKnownFileType = sourcecode.swift; path = Serie.swift; sourceTree = "<group>"; };
		EB97E34F19FD3E9C006BA251 /* Saison.swift */ = {isa = PBXFileReference; fileEncoding = 4; lastKnownFileType = sourcecode.swift; path = Saison.swift; sourceTree = "<group>"; };
		EB97E35119FD3EEA006BA251 /* Episode.swift */ = {isa = PBXFileReference; fileEncoding = 4; lastKnownFileType = sourcecode.swift; path = Episode.swift; sourceTree = "<group>"; };
		EB97E35519FDB18D006BA251 /* MenuItem.swift */ = {isa = PBXFileReference; fileEncoding = 4; lastKnownFileType = sourcecode.swift; path = MenuItem.swift; sourceTree = "<group>"; };
		EBB242A51A4CA4D20000DFA3 /* AVFoundation.framework */ = {isa = PBXFileReference; lastKnownFileType = wrapper.framework; name = AVFoundation.framework; path = System/Library/Frameworks/AVFoundation.framework; sourceTree = SDKROOT; };
		EBB242A71A4CD3630000DFA3 /* Persistance.swift */ = {isa = PBXFileReference; fileEncoding = 4; lastKnownFileType = sourcecode.swift; path = Persistance.swift; sourceTree = "<group>"; };
		EBC506C71A7FA4AD0008C363 /* BSRequestCategory.swift */ = {isa = PBXFileReference; fileEncoding = 4; lastKnownFileType = sourcecode.swift; path = BSRequestCategory.swift; sourceTree = "<group>"; };
		EBC506C91A7FA5020008C363 /* BSRequestMethod.swift */ = {isa = PBXFileReference; fileEncoding = 4; lastKnownFileType = sourcecode.swift; path = BSRequestMethod.swift; sourceTree = "<group>"; };
		EBC506CB1A7FA5970008C363 /* HttpMethod.swift */ = {isa = PBXFileReference; fileEncoding = 4; lastKnownFileType = sourcecode.swift; path = HttpMethod.swift; sourceTree = "<group>"; };
		EBC77AD319F2C68500A5684C /* AVKit.framework */ = {isa = PBXFileReference; lastKnownFileType = wrapper.framework; name = AVKit.framework; path = System/Library/Frameworks/AVKit.framework; sourceTree = SDKROOT; };
		EBCBC87C19F1D9D800EC200D /* SeriesViewer.app */ = {isa = PBXFileReference; explicitFileType = wrapper.application; includeInIndex = 0; path = SeriesViewer.app; sourceTree = BUILT_PRODUCTS_DIR; };
		EBCBC88019F1D9D800EC200D /* Info.plist */ = {isa = PBXFileReference; lastKnownFileType = text.plist.xml; path = Info.plist; sourceTree = "<group>"; };
		EBCBC88119F1D9D800EC200D /* AppDelegate.swift */ = {isa = PBXFileReference; lastKnownFileType = sourcecode.swift; path = AppDelegate.swift; sourceTree = "<group>"; };
		EBCBC88519F1D9D800EC200D /* Images.xcassets */ = {isa = PBXFileReference; lastKnownFileType = folder.assetcatalog; path = Images.xcassets; sourceTree = "<group>"; };
		EBCBC88819F1D9D800EC200D /* Base */ = {isa = PBXFileReference; lastKnownFileType = file.storyboard; name = Base; path = Base.lproj/Main.storyboard; sourceTree = "<group>"; };
		EBF1B2D51A4EFEEB00CFBA21 /* notificationNames.swift */ = {isa = PBXFileReference; fileEncoding = 4; lastKnownFileType = sourcecode.swift; path = notificationNames.swift; sourceTree = "<group>"; };
		EBF9782F19FE93E100879581 /* SearchSerieController.swift */ = {isa = PBXFileReference; fileEncoding = 4; lastKnownFileType = sourcecode.swift; path = SearchSerieController.swift; sourceTree = "<group>"; };
		EBF9783319FE969900879581 /* AccesBetaSerie.swift */ = {isa = PBXFileReference; fileEncoding = 4; lastKnownFileType = sourcecode.swift; path = AccesBetaSerie.swift; sourceTree = "<group>"; };
		EBF9784519FEBB1200879581 /* BetaSeries.swift */ = {isa = PBXFileReference; fileEncoding = 4; lastKnownFileType = sourcecode.swift; path = BetaSeries.swift; sourceTree = "<group>"; };
		EBF9784719FEBEA500879581 /* BSRequest.swift */ = {isa = PBXFileReference; fileEncoding = 4; lastKnownFileType = sourcecode.swift; path = BSRequest.swift; sourceTree = "<group>"; };
		EBF9784919FF07E300879581 /* Extensions.swift */ = {isa = PBXFileReference; fileEncoding = 4; lastKnownFileType = sourcecode.swift; path = Extensions.swift; sourceTree = "<group>"; };
		EBF9784B19FF0BFF00879581 /* BridgingHeader.h */ = {isa = PBXFileReference; lastKnownFileType = sourcecode.c.h; path = BridgingHeader.h; sourceTree = "<group>"; };
/* End PBXFileReference section */

/* Begin PBXFrameworksBuildPhase section */
		EBCBC87919F1D9D800EC200D /* Frameworks */ = {
			isa = PBXFrameworksBuildPhase;
			buildActionMask = 2147483647;
			files = (
				EBB242A61A4CA4D20000DFA3 /* AVFoundation.framework in Frameworks */,
				EBC77AD419F2C68500A5684C /* AVKit.framework in Frameworks */,
			);
			runOnlyForDeploymentPostprocessing = 0;
		};
/* End PBXFrameworksBuildPhase section */

/* Begin PBXGroup section */
		EB1BA0641A10325500C41768 /* BetaSeries */ = {
			isa = PBXGroup;
			children = (
				EBF9783319FE969900879581 /* AccesBetaSerie.swift */,
				EBF9784519FEBB1200879581 /* BetaSeries.swift */,
				EBF9784719FEBEA500879581 /* BSRequest.swift */,
				EBC506C71A7FA4AD0008C363 /* BSRequestCategory.swift */,
				EBC506C91A7FA5020008C363 /* BSRequestMethod.swift */,
				EBC506CB1A7FA5970008C363 /* HttpMethod.swift */,
			);
			name = BetaSeries;
			sourceTree = "<group>";
		};
		EB1BA0651A10326D00C41768 /* Model */ = {
			isa = PBXGroup;
			children = (
				EBF9784B19FF0BFF00879581 /* BridgingHeader.h */,
				EB97E35519FDB18D006BA251 /* MenuItem.swift */,
				EB1BA0671A1036EF00C41768 /* HeaderItem.swift */,
				EB97E34D19FD3E0E006BA251 /* Serie.swift */,
				EB97E34F19FD3E9C006BA251 /* Saison.swift */,
				EB97E35119FD3EEA006BA251 /* Episode.swift */,
				EB1BA0621A1030E500C41768 /* Member.swift */,
				EB1BA0641A10325500C41768 /* BetaSeries */,
				EBF9784919FF07E300879581 /* Extensions.swift */,
				EB501DE01A34ADE800DF1906 /* Async.swift */,
				EBB242A71A4CD3630000DFA3 /* Persistance.swift */,
				EBF1B2D51A4EFEEB00CFBA21 /* notificationNames.swift */,
			);
			name = Model;
			sourceTree = "<group>";
		};
		EB1BA0661A10327600C41768 /* Controller */ = {
			isa = PBXGroup;
			children = (
				EB4E0D1419FFBDB600CE8CAB /* WindowController.swift */,
				EB97E34B19FD3BE0006BA251 /* MenuSeriesController.swift */,
				EB63253719FDDC8700978001 /* IdentificationController.swift */,
				EBF9782F19FE93E100879581 /* SearchSerieController.swift */,
				EB4E0D1619FFC5E000CE8CAB /* ComptePanelController.swift */,
				EB58013D1A8FD67A0016A9A8 /* GeneralPanelController.swift */,
				EB62DE7F1A33648B000C1948 /* DefaultContentViewController.swift */,
				EB62DE831A3368A9000C1948 /* SerieContentViewController.swift */,
				EB3F86D01A48EB35000D78E9 /* EpisodeViewController.swift */,
			);
			name = Controller;
			sourceTree = "<group>";
		};
		EB62DE791A333280000C1948 /* SwiftyJSON */ = {
			isa = PBXGroup;
			children = (
				EB62DE7A1A3332C2000C1948 /* SwiftyJSON.swift */,
			);
			name = SwiftyJSON;
			sourceTree = "<group>";
		};
		EB62DE7C1A3363B5000C1948 /* View */ = {
			isa = PBXGroup;
			children = (
				EBCBC88719F1D9D800EC200D /* Main.storyboard */,
				EB62DE811A3364A0000C1948 /* DefaultContentView.xib */,
				EB62DE841A3368A9000C1948 /* SerieContentView.xib */,
				EB3F86D11A48EB35000D78E9 /* EpisodeView.xib */,
				EB5801391A8FC44E0016A9A8 /* DraggingAwareView.swift */,
				EB58013B1A8FD5DE0016A9A8 /* ComptePanelView.xib */,
				EB58013E1A8FD67A0016A9A8 /* GeneralPanelView.xib */,
			);
			name = View;
			sourceTree = "<group>";
		};
		EBCBC87319F1D9D800EC200D = {
			isa = PBXGroup;
			children = (
				EBB242A51A4CA4D20000DFA3 /* AVFoundation.framework */,
				EBC77AD319F2C68500A5684C /* AVKit.framework */,
				EBCBC87E19F1D9D800EC200D /* SeriesViewer */,
				EBCBC87D19F1D9D800EC200D /* Products */,
			);
			sourceTree = "<group>";
		};
		EBCBC87D19F1D9D800EC200D /* Products */ = {
			isa = PBXGroup;
			children = (
				EBCBC87C19F1D9D800EC200D /* SeriesViewer.app */,
			);
			name = Products;
			sourceTree = "<group>";
		};
		EBCBC87E19F1D9D800EC200D /* SeriesViewer */ = {
			isa = PBXGroup;
			children = (
				EBCBC88119F1D9D800EC200D /* AppDelegate.swift */,
				EBCBC88519F1D9D800EC200D /* Images.xcassets */,
				EBCBC87F19F1D9D800EC200D /* Supporting Files */,
				EB62DE7C1A3363B5000C1948 /* View */,
				EB1BA0661A10327600C41768 /* Controller */,
				EB1BA0651A10326D00C41768 /* Model */,
				EB62DE791A333280000C1948 /* SwiftyJSON */,
			);
			path = SeriesViewer;
			sourceTree = "<group>";
		};
		EBCBC87F19F1D9D800EC200D /* Supporting Files */ = {
			isa = PBXGroup;
			children = (
				EBCBC88019F1D9D800EC200D /* Info.plist */,
			);
			name = "Supporting Files";
			sourceTree = "<group>";
		};
/* End PBXGroup section */

/* Begin PBXNativeTarget section */
		EBCBC87B19F1D9D800EC200D /* SeriesViewer */ = {
			isa = PBXNativeTarget;
			buildConfigurationList = EBCBC89819F1D9D900EC200D /* Build configuration list for PBXNativeTarget "SeriesViewer" */;
			buildPhases = (
				EBCBC87819F1D9D800EC200D /* Sources */,
				EBCBC87919F1D9D800EC200D /* Frameworks */,
				EBCBC87A19F1D9D800EC200D /* Resources */,
			);
			buildRules = (
			);
			dependencies = (
			);
			name = SeriesViewer;
			productName = testAppliMac;
			productReference = EBCBC87C19F1D9D800EC200D /* SeriesViewer.app */;
			productType = "com.apple.product-type.application";
		};
/* End PBXNativeTarget section */

/* Begin PBXProject section */
		EBCBC87419F1D9D800EC200D /* Project object */ = {
			isa = PBXProject;
			attributes = {
				LastUpgradeCheck = 0610;
				ORGANIZATIONNAME = "Clément NONN";
				TargetAttributes = {
					EBCBC87B19F1D9D800EC200D = {
						CreatedOnToolsVersion = 6.1;
					};
				};
			};
			buildConfigurationList = EBCBC87719F1D9D800EC200D /* Build configuration list for PBXProject "SeriesViewer" */;
			compatibilityVersion = "Xcode 3.2";
			developmentRegion = English;
			hasScannedForEncodings = 0;
			knownRegions = (
				en,
				Base,
			);
			mainGroup = EBCBC87319F1D9D800EC200D;
			productRefGroup = EBCBC87D19F1D9D800EC200D /* Products */;
			projectDirPath = "";
			projectRoot = "";
			targets = (
				EBCBC87B19F1D9D800EC200D /* SeriesViewer */,
			);
		};
/* End PBXProject section */

/* Begin PBXResourcesBuildPhase section */
		EBCBC87A19F1D9D800EC200D /* Resources */ = {
			isa = PBXResourcesBuildPhase;
			buildActionMask = 2147483647;
			files = (
				EB3F86D31A48EB35000D78E9 /* EpisodeView.xib in Resources */,
				EB5801401A8FD67A0016A9A8 /* GeneralPanelView.xib in Resources */,
				EBCBC88619F1D9D800EC200D /* Images.xcassets in Resources */,
				EB62DE861A3368A9000C1948 /* SerieContentView.xib in Resources */,
				EB62DE821A3364A0000C1948 /* DefaultContentView.xib in Resources */,
				EBCBC88919F1D9D800EC200D /* Main.storyboard in Resources */,
				EB58013C1A8FD5DE0016A9A8 /* ComptePanelView.xib in Resources */,
			);
			runOnlyForDeploymentPostprocessing = 0;
		};
/* End PBXResourcesBuildPhase section */

/* Begin PBXSourcesBuildPhase section */
		EBCBC87819F1D9D800EC200D /* Sources */ = {
			isa = PBXSourcesBuildPhase;
			buildActionMask = 2147483647;
			files = (
				EBF9783119FE93E100879581 /* SearchSerieController.swift in Sources */,
				EBC506CA1A7FA5020008C363 /* BSRequestMethod.swift in Sources */,
				EBC506CC1A7FA5970008C363 /* HttpMethod.swift in Sources */,
				EB3F86D21A48EB35000D78E9 /* EpisodeViewController.swift in Sources */,
				EB97E35619FDB18D006BA251 /* MenuItem.swift in Sources */,
				EB97E35219FD3EEA006BA251 /* Episode.swift in Sources */,
				EB1BA0681A1036EF00C41768 /* HeaderItem.swift in Sources */,
				EBB242A81A4CD3630000DFA3 /* Persistance.swift in Sources */,
				EBC506C81A7FA4AD0008C363 /* BSRequestCategory.swift in Sources */,
				EB97E35019FD3E9C006BA251 /* Saison.swift in Sources */,
				EB1BA0631A1030E500C41768 /* Member.swift in Sources */,
				EBCBC88219F1D9D800EC200D /* AppDelegate.swift in Sources */,
				EBF9784819FEBEA500879581 /* BSRequest.swift in Sources */,
				EB501DE11A34ADE800DF1906 /* Async.swift in Sources */,
				EB62DE801A33648B000C1948 /* DefaultContentViewController.swift in Sources */,
				EB97E34E19FD3E0E006BA251 /* Serie.swift in Sources */,
				EBF9784619FEBB1200879581 /* BetaSeries.swift in Sources */,
				EB97E34C19FD3BE0006BA251 /* MenuSeriesController.swift in Sources */,
				EB4E0D1519FFBDB600CE8CAB /* WindowController.swift in Sources */,
				EB63253819FDDC8700978001 /* IdentificationController.swift in Sources */,
				EB58013A1A8FC44E0016A9A8 /* DraggingAwareView.swift in Sources */,
				EB62DE851A3368A9000C1948 /* SerieContentViewController.swift in Sources */,
				EB4E0D1719FFC5E000CE8CAB /* ComptePanelController.swift in Sources */,
				EB62DE7B1A3332C2000C1948 /* SwiftyJSON.swift in Sources */,
				EBF9784A19FF07E300879581 /* Extensions.swift in Sources */,
				EB58013F1A8FD67A0016A9A8 /* GeneralPanelController.swift in Sources */,
				EBF1B2D61A4EFEEB00CFBA21 /* notificationNames.swift in Sources */,
				EBF9783419FE969900879581 /* AccesBetaSerie.swift in Sources */,
			);
			runOnlyForDeploymentPostprocessing = 0;
		};
/* End PBXSourcesBuildPhase section */

/* Begin PBXVariantGroup section */
		EBCBC88719F1D9D800EC200D /* Main.storyboard */ = {
			isa = PBXVariantGroup;
			children = (
				EBCBC88819F1D9D800EC200D /* Base */,
			);
			name = Main.storyboard;
			sourceTree = "<group>";
		};
/* End PBXVariantGroup section */

/* Begin XCBuildConfiguration section */
		EBCBC89619F1D9D900EC200D /* Debug */ = {
			isa = XCBuildConfiguration;
			buildSettings = {
				ALWAYS_SEARCH_USER_PATHS = NO;
				CLANG_CXX_LANGUAGE_STANDARD = "gnu++0x";
				CLANG_CXX_LIBRARY = "libc++";
				CLANG_ENABLE_MODULES = YES;
				CLANG_ENABLE_OBJC_ARC = YES;
				CLANG_WARN_BOOL_CONVERSION = YES;
				CLANG_WARN_CONSTANT_CONVERSION = YES;
				CLANG_WARN_DIRECT_OBJC_ISA_USAGE = YES_ERROR;
				CLANG_WARN_EMPTY_BODY = YES;
				CLANG_WARN_ENUM_CONVERSION = YES;
				CLANG_WARN_INT_CONVERSION = YES;
				CLANG_WARN_OBJC_ROOT_CLASS = YES_ERROR;
				CLANG_WARN_UNREACHABLE_CODE = YES;
				CLANG_WARN__DUPLICATE_METHOD_MATCH = YES;
				CODE_SIGN_IDENTITY = "-";
				COPY_PHASE_STRIP = NO;
				ENABLE_STRICT_OBJC_MSGSEND = YES;
				GCC_C_LANGUAGE_STANDARD = gnu99;
				GCC_DYNAMIC_NO_PIC = NO;
				GCC_OPTIMIZATION_LEVEL = 0;
				GCC_PREPROCESSOR_DEFINITIONS = (
					"DEBUG=1",
					"$(inherited)",
				);
				GCC_SYMBOLS_PRIVATE_EXTERN = NO;
				GCC_WARN_64_TO_32_BIT_CONVERSION = YES;
				GCC_WARN_ABOUT_RETURN_TYPE = YES_ERROR;
				GCC_WARN_UNDECLARED_SELECTOR = YES;
				GCC_WARN_UNINITIALIZED_AUTOS = YES_AGGRESSIVE;
				GCC_WARN_UNUSED_FUNCTION = YES;
				GCC_WARN_UNUSED_VARIABLE = YES;
				MACOSX_DEPLOYMENT_TARGET = 10.10;
				MTL_ENABLE_DEBUG_INFO = YES;
				ONLY_ACTIVE_ARCH = YES;
				SDKROOT = macosx;
				SWIFT_OPTIMIZATION_LEVEL = "-Onone";
			};
			name = Debug;
		};
		EBCBC89719F1D9D900EC200D /* Release */ = {
			isa = XCBuildConfiguration;
			buildSettings = {
				ALWAYS_SEARCH_USER_PATHS = NO;
				CLANG_CXX_LANGUAGE_STANDARD = "gnu++0x";
				CLANG_CXX_LIBRARY = "libc++";
				CLANG_ENABLE_MODULES = YES;
				CLANG_ENABLE_OBJC_ARC = YES;
				CLANG_WARN_BOOL_CONVERSION = YES;
				CLANG_WARN_CONSTANT_CONVERSION = YES;
				CLANG_WARN_DIRECT_OBJC_ISA_USAGE = YES_ERROR;
				CLANG_WARN_EMPTY_BODY = YES;
				CLANG_WARN_ENUM_CONVERSION = YES;
				CLANG_WARN_INT_CONVERSION = YES;
				CLANG_WARN_OBJC_ROOT_CLASS = YES_ERROR;
				CLANG_WARN_UNREACHABLE_CODE = YES;
				CLANG_WARN__DUPLICATE_METHOD_MATCH = YES;
				CODE_SIGN_IDENTITY = "-";
				COPY_PHASE_STRIP = YES;
				DEBUG_INFORMATION_FORMAT = "dwarf-with-dsym";
				ENABLE_NS_ASSERTIONS = NO;
				ENABLE_STRICT_OBJC_MSGSEND = YES;
				GCC_C_LANGUAGE_STANDARD = gnu99;
				GCC_WARN_64_TO_32_BIT_CONVERSION = YES;
				GCC_WARN_ABOUT_RETURN_TYPE = YES_ERROR;
				GCC_WARN_UNDECLARED_SELECTOR = YES;
				GCC_WARN_UNINITIALIZED_AUTOS = YES_AGGRESSIVE;
				GCC_WARN_UNUSED_FUNCTION = YES;
				GCC_WARN_UNUSED_VARIABLE = YES;
				MACOSX_DEPLOYMENT_TARGET = 10.10;
				MTL_ENABLE_DEBUG_INFO = NO;
				SDKROOT = macosx;
			};
			name = Release;
		};
		EBCBC89919F1D9D900EC200D /* Debug */ = {
			isa = XCBuildConfiguration;
			buildSettings = {
				ASSETCATALOG_COMPILER_APPICON_NAME = AppIcon;
				COMBINE_HIDPI_IMAGES = YES;
				INFOPLIST_FILE = SeriesViewer/Info.plist;
				LD_RUNPATH_SEARCH_PATHS = "$(inherited) @executable_path/../Frameworks";
				PRODUCT_NAME = SeriesViewer;
				SWIFT_OBJC_BRIDGING_HEADER = SeriesViewer/BridgingHeader.h;
			};
			name = Debug;
		};
		EBCBC89A19F1D9D900EC200D /* Release */ = {
			isa = XCBuildConfiguration;
			buildSettings = {
				ASSETCATALOG_COMPILER_APPICON_NAME = AppIcon;
				COMBINE_HIDPI_IMAGES = YES;
				INFOPLIST_FILE = SeriesViewer/Info.plist;
				LD_RUNPATH_SEARCH_PATHS = "$(inherited) @executable_path/../Frameworks";
				PRODUCT_NAME = SeriesViewer;
				SWIFT_OBJC_BRIDGING_HEADER = SeriesViewer/BridgingHeader.h;
			};
			name = Release;
		};
/* End XCBuildConfiguration section */

/* Begin XCConfigurationList section */
		EBCBC87719F1D9D800EC200D /* Build configuration list for PBXProject "SeriesViewer" */ = {
			isa = XCConfigurationList;
			buildConfigurations = (
				EBCBC89619F1D9D900EC200D /* Debug */,
				EBCBC89719F1D9D900EC200D /* Release */,
			);
			defaultConfigurationIsVisible = 0;
			defaultConfigurationName = Release;
		};
		EBCBC89819F1D9D900EC200D /* Build configuration list for PBXNativeTarget "SeriesViewer" */ = {
			isa = XCConfigurationList;
			buildConfigurations = (
				EBCBC89919F1D9D900EC200D /* Debug */,
				EBCBC89A19F1D9D900EC200D /* Release */,
			);
			defaultConfigurationIsVisible = 0;
			defaultConfigurationName = Release;
		};
/* End XCConfigurationList section */
	};
	rootObject = EBCBC87419F1D9D800EC200D /* Project object */;
}
